
Microsoft Visual Studio Solution File, Format Version 11.00
# Visual C# Express 2010
Project("{FAE04EC0-301F-11D3-BF4B-00C04F79EFBC}") = "NetduinoTestBed", "NetDuinoTestBed\NetduinoTestBed.csproj", "{0DE119D8-9A49-4B74-A0B4-5EE9063E4E3B}"
EndProject
Global
	GlobalSection(SolutionConfigurationPlatforms) = preSolution
		Debug|Any CPU = Debug|Any CPU
		Release|Any CPU = Release|Any CPU
	EndGlobalSection
	GlobalSection(ProjectConfigurationPlatforms) = postSolution
		{0DE119D8-9A49-4B74-A0B4-5EE9063E4E3B}.Debug|Any CPU.ActiveCfg = Debug|Any CPU
		{0DE119D8-9A49-4B74-A0B4-5EE9063E4E3B}.Debug|Any CPU.Build.0 = Debug|Any CPU
		{0DE119D8-9A49-4B74-A0B4-5EE9063E4E3B}.Debug|Any CPU.Deploy.0 = Debug|Any CPU
		{0DE119D8-9A49-4B74-A0B4-5EE9063E4E3B}.Release|Any CPU.ActiveCfg = Release|Any CPU
		{0DE119D8-9A49-4B74-A0B4-5EE9063E4E3B}.Release|Any CPU.Build.0 = Release|Any CPU
		{0DE119D8-9A49-4B74-A0B4-5EE9063E4E3B}.Release|Any CPU.Deploy.0 = Release|Any CPU
	EndGlobalSection
	GlobalSection(SolutionProperties) = preSolution
		HideSolutionNode = FALSE
	EndGlobalSection
EndGlobal
